// !$*UTF8*$!
{
	archiveVersion = 1;
	classes = {
	};
	objectVersion = 56;
	objects = {

/* Begin PBXBuildFile section */
		017AAA3D299452EB0053F101 /* CustomLoadingApp.swift in Sources */ = {isa = PBXBuildFile; fileRef = 017AAA3C299452EB0053F101 /* CustomLoadingApp.swift */; };
		017AAA3F299452EB0053F101 /* ContentView.swift in Sources */ = {isa = PBXBuildFile; fileRef = 017AAA3E299452EB0053F101 /* ContentView.swift */; };
		017AAA41299452EE0053F101 /* Assets.xcassets in Resources */ = {isa = PBXBuildFile; fileRef = 017AAA40299452EE0053F101 /* Assets.xcassets */; };
		017AAA44299452EE0053F101 /* Preview Assets.xcassets in Resources */ = {isa = PBXBuildFile; fileRef = 017AAA43299452EE0053F101 /* Preview Assets.xcassets */; };
		017AAA4E299452EF0053F101 /* CustomLoadingTests.swift in Sources */ = {isa = PBXBuildFile; fileRef = 017AAA4D299452EF0053F101 /* CustomLoadingTests.swift */; };
		017AAA58299452EF0053F101 /* CustomLoadingUITests.swift in Sources */ = {isa = PBXBuildFile; fileRef = 017AAA57299452EF0053F101 /* CustomLoadingUITests.swift */; };
		017AAA5A299452EF0053F101 /* CustomLoadingUITestsLaunchTests.swift in Sources */ = {isa = PBXBuildFile; fileRef = 017AAA59299452EF0053F101 /* CustomLoadingUITestsLaunchTests.swift */; };
		017AAA672994546B0053F101 /* CustomLoad.swift in Sources */ = {isa = PBXBuildFile; fileRef = 017AAA662994546B0053F101 /* CustomLoad.swift */; };
/* End PBXBuildFile section */

/* Begin PBXContainerItemProxy section */
		017AAA4A299452EF0053F101 /* PBXContainerItemProxy */ = {
			isa = PBXContainerItemProxy;
			containerPortal = 017AAA31299452EB0053F101 /* Project object */;
			proxyType = 1;
			remoteGlobalIDString = 017AAA38299452EB0053F101;
			remoteInfo = CustomLoading;
		};
		017AAA54299452EF0053F101 /* PBXContainerItemProxy */ = {
			isa = PBXContainerItemProxy;
			containerPortal = 017AAA31299452EB0053F101 /* Project object */;
			proxyType = 1;
			remoteGlobalIDString = 017AAA38299452EB0053F101;
			remoteInfo = CustomLoading;
		};
/* End PBXContainerItemProxy section */

/* Begin PBXFileReference section */
		017AAA39299452EB0053F101 /* CustomLoading.app */ = {isa = PBXFileReference; explicitFileType = wrapper.application; includeInIndex = 0; path = CustomLoading.app; sourceTree = BUILT_PRODUCTS_DIR; };
		017AAA3C299452EB0053F101 /* CustomLoadingApp.swift */ = {isa = PBXFileReference; lastKnownFileType = sourcecode.swift; path = CustomLoadingApp.swift; sourceTree = "<group>"; };
		017AAA3E299452EB0053F101 /* ContentView.swift */ = {isa = PBXFileReference; lastKnownFileType = sourcecode.swift; path = ContentView.swift; sourceTree = "<group>"; };
		017AAA40299452EE0053F101 /* Assets.xcassets */ = {isa = PBXFileReference; lastKnownFileType = folder.assetcatalog; path = Assets.xcassets; sourceTree = "<group>"; };
		017AAA43299452EE0053F101 /* Preview Assets.xcassets */ = {isa = PBXFileReference; lastKnownFileType = folder.assetcatalog; path = "Preview Assets.xcassets"; sourceTree = "<group>"; };
		017AAA49299452EF0053F101 /* CustomLoadingTests.xctest */ = {isa = PBXFileReference; explicitFileType = wrapper.cfbundle; includeInIndex = 0; path = CustomLoadingTests.xctest; sourceTree = BUILT_PRODUCTS_DIR; };
		017AAA4D299452EF0053F101 /* CustomLoadingTests.swift */ = {isa = PBXFileReference; lastKnownFileType = sourcecode.swift; path = CustomLoadingTests.swift; sourceTree = "<group>"; };
		017AAA53299452EF0053F101 /* CustomLoadingUITests.xctest */ = {isa = PBXFileReference; explicitFileType = wrapper.cfbundle; includeInIndex = 0; path = CustomLoadingUITests.xctest; sourceTree = BUILT_PRODUCTS_DIR; };
		017AAA57299452EF0053F101 /* CustomLoadingUITests.swift */ = {isa = PBXFileReference; lastKnownFileType = sourcecode.swift; path = CustomLoadingUITests.swift; sourceTree = "<group>"; };
		017AAA59299452EF0053F101 /* CustomLoadingUITestsLaunchTests.swift */ = {isa = PBXFileReference; lastKnownFileType = sourcecode.swift; path = CustomLoadingUITestsLaunchTests.swift; sourceTree = "<group>"; };
		017AAA662994546B0053F101 /* CustomLoad.swift */ = {isa = PBXFileReference; lastKnownFileType = sourcecode.swift; path = CustomLoad.swift; sourceTree = "<group>"; };
/* End PBXFileReference section */

/* Begin PBXFrameworksBuildPhase section */
		017AAA36299452EB0053F101 /* Frameworks */ = {
			isa = PBXFrameworksBuildPhase;
			buildActionMask = 2147483647;
			files = (
			);
			runOnlyForDeploymentPostprocessing = 0;
		};
		017AAA46299452EF0053F101 /* Frameworks */ = {
			isa = PBXFrameworksBuildPhase;
			buildActionMask = 2147483647;
			files = (
			);
			runOnlyForDeploymentPostprocessing = 0;
		};
		017AAA50299452EF0053F101 /* Frameworks */ = {
			isa = PBXFrameworksBuildPhase;
			buildActionMask = 2147483647;
			files = (
			);
			runOnlyForDeploymentPostprocessing = 0;
		};
/* End PBXFrameworksBuildPhase section */

/* Begin PBXGroup section */
		017AAA30299452EB0053F101 = {
			isa = PBXGroup;
			children = (
				017AAA3B299452EB0053F101 /* CustomLoading */,
				017AAA4C299452EF0053F101 /* CustomLoadingTests */,
				017AAA56299452EF0053F101 /* CustomLoadingUITests */,
				017AAA3A299452EB0053F101 /* Products */,
			);
			sourceTree = "<group>";
		};
		017AAA3A299452EB0053F101 /* Products */ = {
			isa = PBXGroup;
			children = (
				017AAA39299452EB0053F101 /* CustomLoading.app */,
				017AAA49299452EF0053F101 /* CustomLoadingTests.xctest */,
				017AAA53299452EF0053F101 /* CustomLoadingUITests.xctest */,
			);
			name = Products;
			sourceTree = "<group>";
		};
		017AAA3B299452EB0053F101 /* CustomLoading */ = {
			isa = PBXGroup;
			children = (
				017AAA3C299452EB0053F101 /* CustomLoadingApp.swift */,
				017AAA3E299452EB0053F101 /* ContentView.swift */,
				017AAA40299452EE0053F101 /* Assets.xcassets */,
				017AAA42299452EE0053F101 /* Preview Content */,
				017AAA662994546B0053F101 /* CustomLoad.swift */,
			);
			path = CustomLoading;
			sourceTree = "<group>";
		};
		017AAA42299452EE0053F101 /* Preview Content */ = {
			isa = PBXGroup;
			children = (
				017AAA43299452EE0053F101 /* Preview Assets.xcassets */,
			);
			path = "Preview Content";
			sourceTree = "<group>";
		};
		017AAA4C299452EF0053F101 /* CustomLoadingTests */ = {
			isa = PBXGroup;
			children = (
				017AAA4D299452EF0053F101 /* CustomLoadingTests.swift */,
			);
			path = CustomLoadingTests;
			sourceTree = "<group>";
		};
		017AAA56299452EF0053F101 /* CustomLoadingUITests */ = {
			isa = PBXGroup;
			children = (
				017AAA57299452EF0053F101 /* CustomLoadingUITests.swift */,
				017AAA59299452EF0053F101 /* CustomLoadingUITestsLaunchTests.swift */,
			);
			path = CustomLoadingUITests;
			sourceTree = "<group>";
		};
/* End PBXGroup section */

/* Begin PBXNativeTarget section */
		017AAA38299452EB0053F101 /* CustomLoading */ = {
			isa = PBXNativeTarget;
			buildConfigurationList = 017AAA5D299452EF0053F101 /* Build configuration list for PBXNativeTarget "CustomLoading" */;
			buildPhases = (
				017AAA35299452EB0053F101 /* Sources */,
				017AAA36299452EB0053F101 /* Frameworks */,
				017AAA37299452EB0053F101 /* Resources */,
			);
			buildRules = (
			);
			dependencies = (
			);
			name = CustomLoading;
			productName = CustomLoading;
			productReference = 017AAA39299452EB0053F101 /* CustomLoading.app */;
			productType = "com.apple.product-type.application";
		};
		017AAA48299452EF0053F101 /* CustomLoadingTests */ = {
			isa = PBXNativeTarget;
			buildConfigurationList = 017AAA60299452EF0053F101 /* Build configuration list for PBXNativeTarget "CustomLoadingTests" */;
			buildPhases = (
				017AAA45299452EF0053F101 /* Sources */,
				017AAA46299452EF0053F101 /* Frameworks */,
				017AAA47299452EF0053F101 /* Resources */,
			);
			buildRules = (
			);
			dependencies = (
				017AAA4B299452EF0053F101 /* PBXTargetDependency */,
			);
			name = CustomLoadingTests;
			productName = CustomLoadingTests;
			productReference = 017AAA49299452EF0053F101 /* CustomLoadingTests.xctest */;
			productType = "com.apple.product-type.bundle.unit-test";
		};
		017AAA52299452EF0053F101 /* CustomLoadingUITests */ = {
			isa = PBXNativeTarget;
			buildConfigurationList = 017AAA63299452EF0053F101 /* Build configuration list for PBXNativeTarget "CustomLoadingUITests" */;
			buildPhases = (
				017AAA4F299452EF0053F101 /* Sources */,
				017AAA50299452EF0053F101 /* Frameworks */,
				017AAA51299452EF0053F101 /* Resources */,
			);
			buildRules = (
			);
			dependencies = (
				017AAA55299452EF0053F101 /* PBXTargetDependency */,
			);
			name = CustomLoadingUITests;
			productName = CustomLoadingUITests;
			productReference = 017AAA53299452EF0053F101 /* CustomLoadingUITests.xctest */;
			productType = "com.apple.product-type.bundle.ui-testing";
		};
/* End PBXNativeTarget section */

/* Begin PBXProject section */
		017AAA31299452EB0053F101 /* Project object */ = {
			isa = PBXProject;
			attributes = {
				BuildIndependentTargetsInParallel = 1;
				LastSwiftUpdateCheck = 1420;
				LastUpgradeCheck = 1420;
				TargetAttributes = {
					017AAA38299452EB0053F101 = {
						CreatedOnToolsVersion = 14.2;
					};
					017AAA48299452EF0053F101 = {
						CreatedOnToolsVersion = 14.2;
						TestTargetID = 017AAA38299452EB0053F101;
					};
					017AAA52299452EF0053F101 = {
						CreatedOnToolsVersion = 14.2;
						TestTargetID = 017AAA38299452EB0053F101;
					};
				};
			};
			buildConfigurationList = 017AAA34299452EB0053F101 /* Build configuration list for PBXProject "CustomLoading" */;
			compatibilityVersion = "Xcode 14.0";
			developmentRegion = en;
			hasScannedForEncodings = 0;
			knownRegions = (
				en,
				Base,
			);
			mainGroup = 017AAA30299452EB0053F101;
			productRefGroup = 017AAA3A299452EB0053F101 /* Products */;
			projectDirPath = "";
			projectRoot = "";
			targets = (
				017AAA38299452EB0053F101 /* CustomLoading */,
				017AAA48299452EF0053F101 /* CustomLoadingTests */,
				017AAA52299452EF0053F101 /* CustomLoadingUITests */,
			);
		};
/* End PBXProject section */

/* Begin PBXResourcesBuildPhase section */
		017AAA37299452EB0053F101 /* Resources */ = {
			isa = PBXResourcesBuildPhase;
			buildActionMask = 2147483647;
			files = (
				017AAA44299452EE0053F101 /* Preview Assets.xcassets in Resources */,
				017AAA41299452EE0053F101 /* Assets.xcassets in Resources */,
			);
			runOnlyForDeploymentPostprocessing = 0;
		};
		017AAA47299452EF0053F101 /* Resources */ = {
			isa = PBXResourcesBuildPhase;
			buildActionMask = 2147483647;
			files = (
			);
			runOnlyForDeploymentPostprocessing = 0;
		};
		017AAA51299452EF0053F101 /* Resources */ = {
			isa = PBXResourcesBuildPhase;
			buildActionMask = 2147483647;
			files = (
			);
			runOnlyForDeploymentPostprocessing = 0;
		};
/* End PBXResourcesBuildPhase section */

/* Begin PBXSourcesBuildPhase section */
		017AAA35299452EB0053F101 /* Sources */ = {
			isa = PBXSourcesBuildPhase;
			buildActionMask = 2147483647;
			files = (
				017AAA3F299452EB0053F101 /* ContentView.swift in Sources */,
				017AAA3D299452EB0053F101 /* CustomLoadingApp.swift in Sources */,
				017AAA672994546B0053F101 /* CustomLoad.swift in Sources */,
			);
			runOnlyForDeploymentPostprocessing = 0;
		};
		017AAA45299452EF0053F101 /* Sources */ = {
			isa = PBXSourcesBuildPhase;
			buildActionMask = 2147483647;
			files = (
				017AAA4E299452EF0053F101 /* CustomLoadingTests.swift in Sources */,
			);
			runOnlyForDeploymentPostprocessing = 0;
		};
		017AAA4F299452EF0053F101 /* Sources */ = {
			isa = PBXSourcesBuildPhase;
			buildActionMask = 2147483647;
			files = (
				017AAA5A299452EF0053F101 /* CustomLoadingUITestsLaunchTests.swift in Sources */,
				017AAA58299452EF0053F101 /* CustomLoadingUITests.swift in Sources */,
			);
			runOnlyForDeploymentPostprocessing = 0;
		};
/* End PBXSourcesBuildPhase section */

/* Begin PBXTargetDependency section */
		017AAA4B299452EF0053F101 /* PBXTargetDependency */ = {
			isa = PBXTargetDependency;
			target = 017AAA38299452EB0053F101 /* CustomLoading */;
			targetProxy = 017AAA4A299452EF0053F101 /* PBXContainerItemProxy */;
		};
		017AAA55299452EF0053F101 /* PBXTargetDependency */ = {
			isa = PBXTargetDependency;
			target = 017AAA38299452EB0053F101 /* CustomLoading */;
			targetProxy = 017AAA54299452EF0053F101 /* PBXContainerItemProxy */;
		};
/* End PBXTargetDependency section */

/* Begin XCBuildConfiguration section */
		017AAA5B299452EF0053F101 /* Debug */ = {
			isa = XCBuildConfiguration;
			buildSettings = {
				ALWAYS_SEARCH_USER_PATHS = NO;
				CLANG_ANALYZER_NONNULL = YES;
				CLANG_ANALYZER_NUMBER_OBJECT_CONVERSION = YES_AGGRESSIVE;
				CLANG_CXX_LANGUAGE_STANDARD = "gnu++20";
				CLANG_ENABLE_MODULES = YES;
				CLANG_ENABLE_OBJC_ARC = YES;
				CLANG_ENABLE_OBJC_WEAK = YES;
				CLANG_WARN_BLOCK_CAPTURE_AUTORELEASING = YES;
				CLANG_WARN_BOOL_CONVERSION = YES;
				CLANG_WARN_COMMA = YES;
				CLANG_WARN_CONSTANT_CONVERSION = YES;
				CLANG_WARN_DEPRECATED_OBJC_IMPLEMENTATIONS = YES;
				CLANG_WARN_DIRECT_OBJC_ISA_USAGE = YES_ERROR;
				CLANG_WARN_DOCUMENTATION_COMMENTS = YES;
				CLANG_WARN_EMPTY_BODY = YES;
				CLANG_WARN_ENUM_CONVERSION = YES;
				CLANG_WARN_INFINITE_RECURSION = YES;
				CLANG_WARN_INT_CONVERSION = YES;
				CLANG_WARN_NON_LITERAL_NULL_CONVERSION = YES;
				CLANG_WARN_OBJC_IMPLICIT_RETAIN_SELF = YES;
				CLANG_WARN_OBJC_LITERAL_CONVERSION = YES;
				CLANG_WARN_OBJC_ROOT_CLASS = YES_ERROR;
				CLANG_WARN_QUOTED_INCLUDE_IN_FRAMEWORK_HEADER = YES;
				CLANG_WARN_RANGE_LOOP_ANALYSIS = YES;
				CLANG_WARN_STRICT_PROTOTYPES = YES;
				CLANG_WARN_SUSPICIOUS_MOVE = YES;
				CLANG_WARN_UNGUARDED_AVAILABILITY = YES_AGGRESSIVE;
				CLANG_WARN_UNREACHABLE_CODE = YES;
				CLANG_WARN__DUPLICATE_METHOD_MATCH = YES;
				COPY_PHASE_STRIP = NO;
				DEBUG_INFORMATION_FORMAT = dwarf;
				ENABLE_STRICT_OBJC_MSGSEND = YES;
				ENABLE_TESTABILITY = YES;
				GCC_C_LANGUAGE_STANDARD = gnu11;
				GCC_DYNAMIC_NO_PIC = NO;
				GCC_NO_COMMON_BLOCKS = YES;
				GCC_OPTIMIZATION_LEVEL = 0;
				GCC_PREPROCESSOR_DEFINITIONS = (
					"DEBUG=1",
					"$(inherited)",
				);
				GCC_WARN_64_TO_32_BIT_CONVERSION = YES;
				GCC_WARN_ABOUT_RETURN_TYPE = YES_ERROR;
				GCC_WARN_UNDECLARED_SELECTOR = YES;
				GCC_WARN_UNINITIALIZED_AUTOS = YES_AGGRESSIVE;
				GCC_WARN_UNUSED_FUNCTION = YES;
				GCC_WARN_UNUSED_VARIABLE = YES;
				IPHONEOS_DEPLOYMENT_TARGET = 16.2;
				MTL_ENABLE_DEBUG_INFO = INCLUDE_SOURCE;
				MTL_FAST_MATH = YES;
				ONLY_ACTIVE_ARCH = YES;
				SDKROOT = iphoneos;
				SWIFT_ACTIVE_COMPILATION_CONDITIONS = DEBUG;
				SWIFT_OPTIMIZATION_LEVEL = "-Onone";
			};
			name = Debug;
		};
		017AAA5C299452EF0053F101 /* Release */ = {
			isa = XCBuildConfiguration;
			buildSettings = {
				ALWAYS_SEARCH_USER_PATHS = NO;
				CLANG_ANALYZER_NONNULL = YES;
				CLANG_ANALYZER_NUMBER_OBJECT_CONVERSION = YES_AGGRESSIVE;
				CLANG_CXX_LANGUAGE_STANDARD = "gnu++20";
				CLANG_ENABLE_MODULES = YES;
				CLANG_ENABLE_OBJC_ARC = YES;
				CLANG_ENABLE_OBJC_WEAK = YES;
				CLANG_WARN_BLOCK_CAPTURE_AUTORELEASING = YES;
				CLANG_WARN_BOOL_CONVERSION = YES;
				CLANG_WARN_COMMA = YES;
				CLANG_WARN_CONSTANT_CONVERSION = YES;
				CLANG_WARN_DEPRECATED_OBJC_IMPLEMENTATIONS = YES;
				CLANG_WARN_DIRECT_OBJC_ISA_USAGE = YES_ERROR;
				CLANG_WARN_DOCUMENTATION_COMMENTS = YES;
				CLANG_WARN_EMPTY_BODY = YES;
				CLANG_WARN_ENUM_CONVERSION = YES;
				CLANG_WARN_INFINITE_RECURSION = YES;
				CLANG_WARN_INT_CONVERSION = YES;
				CLANG_WARN_NON_LITERAL_NULL_CONVERSION = YES;
				CLANG_WARN_OBJC_IMPLICIT_RETAIN_SELF = YES;
				CLANG_WARN_OBJC_LITERAL_CONVERSION = YES;
				CLANG_WARN_OBJC_ROOT_CLASS = YES_ERROR;
				CLANG_WARN_QUOTED_INCLUDE_IN_FRAMEWORK_HEADER = YES;
				CLANG_WARN_RANGE_LOOP_ANALYSIS = YES;
				CLANG_WARN_STRICT_PROTOTYPES = YES;
				CLANG_WARN_SUSPICIOUS_MOVE = YES;
				CLANG_WARN_UNGUARDED_AVAILABILITY = YES_AGGRESSIVE;
				CLANG_WARN_UNREACHABLE_CODE = YES;
				CLANG_WARN__DUPLICATE_METHOD_MATCH = YES;
				COPY_PHASE_STRIP = NO;
				DEBUG_INFORMATION_FORMAT = "dwarf-with-dsym";
				ENABLE_NS_ASSERTIONS = NO;
				ENABLE_STRICT_OBJC_MSGSEND = YES;
				GCC_C_LANGUAGE_STANDARD = gnu11;
				GCC_NO_COMMON_BLOCKS = YES;
				GCC_WARN_64_TO_32_BIT_CONVERSION = YES;
				GCC_WARN_ABOUT_RETURN_TYPE = YES_ERROR;
				GCC_WARN_UNDECLARED_SELECTOR = YES;
				GCC_WARN_UNINITIALIZED_AUTOS = YES_AGGRESSIVE;
				GCC_WARN_UNUSED_FUNCTION = YES;
				GCC_WARN_UNUSED_VARIABLE = YES;
				IPHONEOS_DEPLOYMENT_TARGET = 16.2;
				MTL_ENABLE_DEBUG_INFO = NO;
				MTL_FAST_MATH = YES;
				SDKROOT = iphoneos;
				SWIFT_COMPILATION_MODE = wholemodule;
				SWIFT_OPTIMIZATION_LEVEL = "-O";
				VALIDATE_PRODUCT = YES;
			};
			name = Release;
		};
		017AAA5E299452EF0053F101 /* Debug */ = {
			isa = XCBuildConfiguration;
			buildSettings = {
				ASSETCATALOG_COMPILER_APPICON_NAME = AppIcon;
				ASSETCATALOG_COMPILER_GLOBAL_ACCENT_COLOR_NAME = AccentColor;
				CODE_SIGN_STYLE = Automatic;
				CURRENT_PROJECT_VERSION = 1;
				DEVELOPMENT_ASSET_PATHS = "\"CustomLoading/Preview Content\"";
				DEVELOPMENT_TEAM = NMG2K7G327;
				ENABLE_PREVIEWS = YES;
				GENERATE_INFOPLIST_FILE = YES;
				INFOPLIST_KEY_UIApplicationSceneManifest_Generation = YES;
				INFOPLIST_KEY_UIApplicationSupportsIndirectInputEvents = YES;
				INFOPLIST_KEY_UILaunchScreen_Generation = YES;
				INFOPLIST_KEY_UISupportedInterfaceOrientations_iPad = "UIInterfaceOrientationPortrait UIInterfaceOrientationPortraitUpsideDown UIInterfaceOrientationLandscapeLeft UIInterfaceOrientationLandscapeRight";
				INFOPLIST_KEY_UISupportedInterfaceOrientations_iPhone = "UIInterfaceOrientationPortrait UIInterfaceOrientationLandscapeLeft UIInterfaceOrientationLandscapeRight";
				LD_RUNPATH_SEARCH_PATHS = (
					"$(inherited)",
					"@executable_path/Frameworks",
				);
				MARKETING_VERSION = 1.0;
				PRODUCT_BUNDLE_IDENTIFIER = dev.nickcory.CustomLoading;
				PRODUCT_NAME = "$(TARGET_NAME)";
				SWIFT_EMIT_LOC_STRINGS = YES;
				SWIFT_VERSION = 5.0;
				TARGETED_DEVICE_FAMILY = "1,2";
			};
			name = Debug;
		};
		017AAA5F299452EF0053F101 /* Release */ = {
			isa = XCBuildConfiguration;
			buildSettings = {
				ASSETCATALOG_COMPILER_APPICON_NAME = AppIcon;
				ASSETCATALOG_COMPILER_GLOBAL_ACCENT_COLOR_NAME = AccentColor;
				CODE_SIGN_STYLE = Automatic;
				CURRENT_PROJECT_VERSION = 1;
				DEVELOPMENT_ASSET_PATHS = "\"CustomLoading/Preview Content\"";
				DEVELOPMENT_TEAM = NMG2K7G327;
				ENABLE_PREVIEWS = YES;
				GENERATE_INFOPLIST_FILE = YES;
				INFOPLIST_KEY_UIApplicationSceneManifest_Generation = YES;
				INFOPLIST_KEY_UIApplicationSupportsIndirectInputEvents = YES;
				INFOPLIST_KEY_UILaunchScreen_Generation = YES;
				INFOPLIST_KEY_UISupportedInterfaceOrientations_iPad = "UIInterfaceOrientationPortrait UIInterfaceOrientationPortraitUpsideDown UIInterfaceOrientationLandscapeLeft UIInterfaceOrientationLandscapeRight";
				INFOPLIST_KEY_UISupportedInterfaceOrientations_iPhone = "UIInterfaceOrientationPortrait UIInterfaceOrientationLandscapeLeft UIInterfaceOrientationLandscapeRight";
				LD_RUNPATH_SEARCH_PATHS = (
					"$(inherited)",
					"@executable_path/Frameworks",
				);
				MARKETING_VERSION = 1.0;
				PRODUCT_BUNDLE_IDENTIFIER = dev.nickcory.CustomLoading;
				PRODUCT_NAME = "$(TARGET_NAME)";
				SWIFT_EMIT_LOC_STRINGS = YES;
				SWIFT_VERSION = 5.0;
				TARGETED_DEVICE_FAMILY = "1,2";
			};
			name = Release;
		};
		017AAA61299452EF0053F101 /* Debug */ = {
			isa = XCBuildConfiguration;
			buildSettings = {
				ALWAYS_EMBED_SWIFT_STANDARD_LIBRARIES = YES;
				BUNDLE_LOADER = "$(TEST_HOST)";
				CODE_SIGN_STYLE = Automatic;
				CURRENT_PROJECT_VERSION = 1;
				DEVELOPMENT_TEAM = NMG2K7G327;
				GENERATE_INFOPLIST_FILE = YES;
				IPHONEOS_DEPLOYMENT_TARGET = 16.2;
				MARKETING_VERSION = 1.0;
				PRODUCT_BUNDLE_IDENTIFIER = dev.nickcory.CustomLoadingTests;
				PRODUCT_NAME = "$(TARGET_NAME)";
				SWIFT_EMIT_LOC_STRINGS = NO;
				SWIFT_VERSION = 5.0;
				TARGETED_DEVICE_FAMILY = "1,2";
				TEST_HOST = "$(BUILT_PRODUCTS_DIR)/CustomLoading.app/$(BUNDLE_EXECUTABLE_FOLDER_PATH)/CustomLoading";
			};
			name = Debug;
		};
		017AAA62299452EF0053F101 /* Release */ = {
			isa = XCBuildConfiguration;
			buildSettings = {
				ALWAYS_EMBED_SWIFT_STANDARD_LIBRARIES = YES;
				BUNDLE_LOADER = "$(TEST_HOST)";
				CODE_SIGN_STYLE = Automatic;
				CURRENT_PROJECT_VERSION = 1;
				DEVELOPMENT_TEAM = NMG2K7G327;
				GENERATE_INFOPLIST_FILE = YES;
				IPHONEOS_DEPLOYMENT_TARGET = 16.2;
				MARKETING_VERSION = 1.0;
				PRODUCT_BUNDLE_IDENTIFIER = dev.nickcory.CustomLoadingTests;
				PRODUCT_NAME = "$(TARGET_NAME)";
				SWIFT_EMIT_LOC_STRINGS = NO;
				SWIFT_VERSION = 5.0;
				TARGETED_DEVICE_FAMILY = "1,2";
				TEST_HOST = "$(BUILT_PRODUCTS_DIR)/CustomLoading.app/$(BUNDLE_EXECUTABLE_FOLDER_PATH)/CustomLoading";
			};
			name = Release;
		};
		017AAA64299452EF0053F101 /* Debug */ = {
			isa = XCBuildConfiguration;
			buildSettings = {
				ALWAYS_EMBED_SWIFT_STANDARD_LIBRARIES = YES;
				CODE_SIGN_STYLE = Automatic;
				CURRENT_PROJECT_VERSION = 1;
				DEVELOPMENT_TEAM = NMG2K7G327;
				GENERATE_INFOPLIST_FILE = YES;
				MARKETING_VERSION = 1.0;
				PRODUCT_BUNDLE_IDENTIFIER = dev.nickcory.CustomLoadingUITests;
				PRODUCT_NAME = "$(TARGET_NAME)";
				SWIFT_EMIT_LOC_STRINGS = NO;
				SWIFT_VERSION = 5.0;
				TARGETED_DEVICE_FAMILY = "1,2";
				TEST_TARGET_NAME = CustomLoading;
			};
			name = Debug;
		};
		017AAA65299452EF0053F101 /* Release */ = {
			isa = XCBuildConfiguration;
			buildSettings = {
				ALWAYS_EMBED_SWIFT_STANDARD_LIBRARIES = YES;
				CODE_SIGN_STYLE = Automatic;
				CURRENT_PROJECT_VERSION = 1;
				DEVELOPMENT_TEAM = NMG2K7G327;
				GENERATE_INFOPLIST_FILE = YES;
				MARKETING_VERSION = 1.0;
				PRODUCT_BUNDLE_IDENTIFIER = dev.nickcory.CustomLoadingUITests;
				PRODUCT_NAME = "$(TARGET_NAME)";
				SWIFT_EMIT_LOC_STRINGS = NO;
				SWIFT_VERSION = 5.0;
				TARGETED_DEVICE_FAMILY = "1,2";
				TEST_TARGET_NAME = CustomLoading;
			};
			name = Release;
		};
/* End XCBuildConfiguration section */

/* Begin XCConfigurationList section */
		017AAA34299452EB0053F101 /* Build configuration list for PBXProject "CustomLoading" */ = {
			isa = XCConfigurationList;
			buildConfigurations = (
				017AAA5B299452EF0053F101 /* Debug */,
				017AAA5C299452EF0053F101 /* Release */,
			);
			defaultConfigurationIsVisible = 0;
			defaultConfigurationName = Release;
		};
		017AAA5D299452EF0053F101 /* Build configuration list for PBXNativeTarget "CustomLoading" */ = {
			isa = XCConfigurationList;
			buildConfigurations = (
				017AAA5E299452EF0053F101 /* Debug */,
				017AAA5F299452EF0053F101 /* Release */,
			);
			defaultConfigurationIsVisible = 0;
			defaultConfigurationName = Release;
		};
		017AAA60299452EF0053F101 /* Build configuration list for PBXNativeTarget "CustomLoadingTests" */ = {
			isa = XCConfigurationList;
			buildConfigurations = (
				017AAA61299452EF0053F101 /* Debug */,
				017AAA62299452EF0053F101 /* Release */,
			);
			defaultConfigurationIsVisible = 0;
			defaultConfigurationName = Release;
		};
		017AAA63299452EF0053F101 /* Build configuration list for PBXNativeTarget "CustomLoadingUITests" */ = {
			isa = XCConfigurationList;
			buildConfigurations = (
				017AAA64299452EF0053F101 /* Debug */,
				017AAA65299452EF0053F101 /* Release */,
			);
			defaultConfigurationIsVisible = 0;
			defaultConfigurationName = Release;
		};
/* End XCConfigurationList section */
	};
	rootObject = 017AAA31299452EB0053F101 /* Project object */;
}
